
Microsoft Visual Studio Solution File, Format Version 12.00
# Visual Studio 15
VisualStudioVersion = 15.0.28307.1401
MinimumVisualStudioVersion = 10.0.40219.1
Project("{8BC9CEB8-8B4A-11D0-8D11-00A0C91BC942}") = "Problem240", "Problem240.vcxproj", "{376E8C9B-7F4F-4929-A45D-92A6CA788ABC}"
EndProject
Global
	GlobalSection(SolutionConfigurationPlatforms) = preSolution
		Debug|x64 = Debug|x64
		Debug|x86 = Debug|x86
		Release|x64 = Release|x64
		Release|x86 = Release|x86
	EndGlobalSection
	GlobalSection(ProjectConfigurationPlatforms) = postSolution
		{376E8C9B-7F4F-4929-A45D-92A6CA788ABC}.Debug|x64.ActiveCfg = Debug|x64
		{376E8C9B-7F4F-4929-A45D-92A6CA788ABC}.Debug|x64.Build.0 = Debug|x64
		{376E8C9B-7F4F-4929-A45D-92A6CA788ABC}.Debug|x86.ActiveCfg = Debug|Win32
		{376E8C9B-7F4F-4929-A45D-92A6CA788ABC}.Debug|x86.Build.0 = Debug|Win32
		{376E8C9B-7F4F-4929-A45D-92A6CA788ABC}.Release|x64.ActiveCfg = Release|x64
		{376E8C9B-7F4F-4929-A45D-92A6CA788ABC}.Release|x64.Build.0 = Release|x64
		{376E8C9B-7F4F-4929-A45D-92A6CA788ABC}.Release|x86.ActiveCfg = Release|Win32
		{376E8C9B-7F4F-4929-A45D-92A6CA788ABC}.Release|x86.Build.0 = Release|Win32
	EndGlobalSection
	GlobalSection(SolutionProperties) = preSolution
		HideSolutionNode = FALSE
	EndGlobalSection
	GlobalSection(ExtensibilityGlobals) = postSolution
		SolutionGuid = {68004AE0-0949-48D9-B4D0-4198BFD3E173}
	EndGlobalSection
EndGlobal
