
Microsoft Visual Studio Solution File, Format Version 12.00
# Visual Studio 15
VisualStudioVersion = 15.0.28307.1082
MinimumVisualStudioVersion = 10.0.40219.1
Project("{888888A0-9F3D-457C-B088-3A5042F75D52}") = "Problem8", "Problem8\Problem8.pyproj", "{48551785-7C11-4BAA-AE14-F537A4CFD7B8}"
EndProject
Global
	GlobalSection(SolutionConfigurationPlatforms) = preSolution
		Debug|Any CPU = Debug|Any CPU
		Release|Any CPU = Release|Any CPU
	EndGlobalSection
	GlobalSection(ProjectConfigurationPlatforms) = postSolution
		{48551785-7C11-4BAA-AE14-F537A4CFD7B8}.Debug|Any CPU.ActiveCfg = Debug|Any CPU
		{48551785-7C11-4BAA-AE14-F537A4CFD7B8}.Release|Any CPU.ActiveCfg = Release|Any CPU
	EndGlobalSection
	GlobalSection(SolutionProperties) = preSolution
		HideSolutionNode = FALSE
	EndGlobalSection
	GlobalSection(ExtensibilityGlobals) = postSolution
		SolutionGuid = {5D1B958F-5E6A-44BE-9426-B012486EC74F}
	EndGlobalSection
EndGlobal
